
Microsoft Visual Studio Solution File, Format Version 12.00
# Visual Studio Version 17
VisualStudioVersion = 17.0.31903.59
MinimumVisualStudioVersion = 10.0.40219.1
Project("{FAE04EC0-301F-11D3-BF4B-00C04F79EFBC}") = "furnace", "furnace\furnace.csproj", "{95498C92-527E-43EB-8093-FFBE55A120FF}"
EndProject
Project("{FAE04EC0-301F-11D3-BF4B-00C04F79EFBC}") = "test", "test\test.csproj", "{B86BF481-0F39-40BF-B671-FEE755A21BAB}"
EndProject
Global
	GlobalSection(SolutionConfigurationPlatforms) = preSolution
		Debug|Any CPU = Debug|Any CPU
		Debug|x64 = Debug|x64
		Debug|x86 = Debug|x86
		Release|Any CPU = Release|Any CPU
		Release|x64 = Release|x64
		Release|x86 = Release|x86
	EndGlobalSection
	GlobalSection(ProjectConfigurationPlatforms) = postSolution
		{95498C92-527E-43EB-8093-FFBE55A120FF}.Debug|Any CPU.ActiveCfg = Debug|Any CPU
		{95498C92-527E-43EB-8093-FFBE55A120FF}.Debug|Any CPU.Build.0 = Debug|Any CPU
		{95498C92-527E-43EB-8093-FFBE55A120FF}.Debug|x64.ActiveCfg = Debug|Any CPU
		{95498C92-527E-43EB-8093-FFBE55A120FF}.Debug|x64.Build.0 = Debug|Any CPU
		{95498C92-527E-43EB-8093-FFBE55A120FF}.Debug|x86.ActiveCfg = Debug|Any CPU
		{95498C92-527E-43EB-8093-FFBE55A120FF}.Debug|x86.Build.0 = Debug|Any CPU
		{95498C92-527E-43EB-8093-FFBE55A120FF}.Release|Any CPU.ActiveCfg = Release|Any CPU
		{95498C92-527E-43EB-8093-FFBE55A120FF}.Release|Any CPU.Build.0 = Release|Any CPU
		{95498C92-527E-43EB-8093-FFBE55A120FF}.Release|x64.ActiveCfg = Release|Any CPU
		{95498C92-527E-43EB-8093-FFBE55A120FF}.Release|x64.Build.0 = Release|Any CPU
		{95498C92-527E-43EB-8093-FFBE55A120FF}.Release|x86.ActiveCfg = Release|Any CPU
		{95498C92-527E-43EB-8093-FFBE55A120FF}.Release|x86.Build.0 = Release|Any CPU
		{B86BF481-0F39-40BF-B671-FEE755A21BAB}.Debug|Any CPU.ActiveCfg = Debug|Any CPU
		{B86BF481-0F39-40BF-B671-FEE755A21BAB}.Debug|Any CPU.Build.0 = Debug|Any CPU
		{B86BF481-0F39-40BF-B671-FEE755A21BAB}.Debug|x64.ActiveCfg = Debug|Any CPU
		{B86BF481-0F39-40BF-B671-FEE755A21BAB}.Debug|x64.Build.0 = Debug|Any CPU
		{B86BF481-0F39-40BF-B671-FEE755A21BAB}.Debug|x86.ActiveCfg = Debug|Any CPU
		{B86BF481-0F39-40BF-B671-FEE755A21BAB}.Debug|x86.Build.0 = Debug|Any CPU
		{B86BF481-0F39-40BF-B671-FEE755A21BAB}.Release|Any CPU.ActiveCfg = Release|Any CPU
		{B86BF481-0F39-40BF-B671-FEE755A21BAB}.Release|Any CPU.Build.0 = Release|Any CPU
		{B86BF481-0F39-40BF-B671-FEE755A21BAB}.Release|x64.ActiveCfg = Release|Any CPU
		{B86BF481-0F39-40BF-B671-FEE755A21BAB}.Release|x64.Build.0 = Release|Any CPU
		{B86BF481-0F39-40BF-B671-FEE755A21BAB}.Release|x86.ActiveCfg = Release|Any CPU
		{B86BF481-0F39-40BF-B671-FEE755A21BAB}.Release|x86.Build.0 = Release|Any CPU
	EndGlobalSection
	GlobalSection(SolutionProperties) = preSolution
		HideSolutionNode = FALSE
	EndGlobalSection
EndGlobal
